
Microsoft Visual Studio Solution File, Format Version 12.00
# Visual Studio Version 16
VisualStudioVersion = 16.0.30114.105
MinimumVisualStudioVersion = 10.0.40219.1
Project("{FAE04EC0-301F-11D3-BF4B-00C04F79EFBC}") = "ZeroHora.Api", "ZeroHora.Api\ZeroHora.Api.csproj", "{3741EC92-3C7A-4926-B882-299005514BC0}"
EndProject
Project("{FAE04EC0-301F-11D3-BF4B-00C04F79EFBC}") = "ZeroHora.Application.Command", "ZeroHora.Application.Command\ZeroHora.Application.Command.csproj", "{598F71BA-810F-49AA-84C2-F2FBE971E70A}"
EndProject
Project("{FAE04EC0-301F-11D3-BF4B-00C04F79EFBC}") = "ZeroHora.Application.Query", "ZeroHora.Application.Query\ZeroHora.Application.Query.csproj", "{8FCF6FF5-35BF-479E-8FB2-159B7A34E53E}"
EndProject
Project("{FAE04EC0-301F-11D3-BF4B-00C04F79EFBC}") = "ZeroHora.Domain", "ZeroHora.Domain\ZeroHora.Domain.csproj", "{3597CADB-4A55-474F-AC2C-833911C7FF76}"
EndProject
Project("{FAE04EC0-301F-11D3-BF4B-00C04F79EFBC}") = "ZeroHora.Infra.Data", "ZeroHora.Infra.Data\ZeroHora.Infra.Data.csproj", "{250E13AD-52C0-4947-B144-AE3C1F4B2991}"
EndProject
Global
	GlobalSection(SolutionConfigurationPlatforms) = preSolution
		Debug|Any CPU = Debug|Any CPU
		Debug|x64 = Debug|x64
		Debug|x86 = Debug|x86
		Release|Any CPU = Release|Any CPU
		Release|x64 = Release|x64
		Release|x86 = Release|x86
	EndGlobalSection
	GlobalSection(SolutionProperties) = preSolution
		HideSolutionNode = FALSE
	EndGlobalSection
	GlobalSection(ProjectConfigurationPlatforms) = postSolution
		{3741EC92-3C7A-4926-B882-299005514BC0}.Debug|Any CPU.ActiveCfg = Debug|Any CPU
		{3741EC92-3C7A-4926-B882-299005514BC0}.Debug|Any CPU.Build.0 = Debug|Any CPU
		{3741EC92-3C7A-4926-B882-299005514BC0}.Debug|x64.ActiveCfg = Debug|Any CPU
		{3741EC92-3C7A-4926-B882-299005514BC0}.Debug|x64.Build.0 = Debug|Any CPU
		{3741EC92-3C7A-4926-B882-299005514BC0}.Debug|x86.ActiveCfg = Debug|Any CPU
		{3741EC92-3C7A-4926-B882-299005514BC0}.Debug|x86.Build.0 = Debug|Any CPU
		{3741EC92-3C7A-4926-B882-299005514BC0}.Release|Any CPU.ActiveCfg = Release|Any CPU
		{3741EC92-3C7A-4926-B882-299005514BC0}.Release|Any CPU.Build.0 = Release|Any CPU
		{3741EC92-3C7A-4926-B882-299005514BC0}.Release|x64.ActiveCfg = Release|Any CPU
		{3741EC92-3C7A-4926-B882-299005514BC0}.Release|x64.Build.0 = Release|Any CPU
		{3741EC92-3C7A-4926-B882-299005514BC0}.Release|x86.ActiveCfg = Release|Any CPU
		{3741EC92-3C7A-4926-B882-299005514BC0}.Release|x86.Build.0 = Release|Any CPU
		{598F71BA-810F-49AA-84C2-F2FBE971E70A}.Debug|Any CPU.ActiveCfg = Debug|Any CPU
		{598F71BA-810F-49AA-84C2-F2FBE971E70A}.Debug|Any CPU.Build.0 = Debug|Any CPU
		{598F71BA-810F-49AA-84C2-F2FBE971E70A}.Debug|x64.ActiveCfg = Debug|Any CPU
		{598F71BA-810F-49AA-84C2-F2FBE971E70A}.Debug|x64.Build.0 = Debug|Any CPU
		{598F71BA-810F-49AA-84C2-F2FBE971E70A}.Debug|x86.ActiveCfg = Debug|Any CPU
		{598F71BA-810F-49AA-84C2-F2FBE971E70A}.Debug|x86.Build.0 = Debug|Any CPU
		{598F71BA-810F-49AA-84C2-F2FBE971E70A}.Release|Any CPU.ActiveCfg = Release|Any CPU
		{598F71BA-810F-49AA-84C2-F2FBE971E70A}.Release|Any CPU.Build.0 = Release|Any CPU
		{598F71BA-810F-49AA-84C2-F2FBE971E70A}.Release|x64.ActiveCfg = Release|Any CPU
		{598F71BA-810F-49AA-84C2-F2FBE971E70A}.Release|x64.Build.0 = Release|Any CPU
		{598F71BA-810F-49AA-84C2-F2FBE971E70A}.Release|x86.ActiveCfg = Release|Any CPU
		{598F71BA-810F-49AA-84C2-F2FBE971E70A}.Release|x86.Build.0 = Release|Any CPU
		{8FCF6FF5-35BF-479E-8FB2-159B7A34E53E}.Debug|Any CPU.ActiveCfg = Debug|Any CPU
		{8FCF6FF5-35BF-479E-8FB2-159B7A34E53E}.Debug|Any CPU.Build.0 = Debug|Any CPU
		{8FCF6FF5-35BF-479E-8FB2-159B7A34E53E}.Debug|x64.ActiveCfg = Debug|Any CPU
		{8FCF6FF5-35BF-479E-8FB2-159B7A34E53E}.Debug|x64.Build.0 = Debug|Any CPU
		{8FCF6FF5-35BF-479E-8FB2-159B7A34E53E}.Debug|x86.ActiveCfg = Debug|Any CPU
		{8FCF6FF5-35BF-479E-8FB2-159B7A34E53E}.Debug|x86.Build.0 = Debug|Any CPU
		{8FCF6FF5-35BF-479E-8FB2-159B7A34E53E}.Release|Any CPU.ActiveCfg = Release|Any CPU
		{8FCF6FF5-35BF-479E-8FB2-159B7A34E53E}.Release|Any CPU.Build.0 = Release|Any CPU
		{8FCF6FF5-35BF-479E-8FB2-159B7A34E53E}.Release|x64.ActiveCfg = Release|Any CPU
		{8FCF6FF5-35BF-479E-8FB2-159B7A34E53E}.Release|x64.Build.0 = Release|Any CPU
		{8FCF6FF5-35BF-479E-8FB2-159B7A34E53E}.Release|x86.ActiveCfg = Release|Any CPU
		{8FCF6FF5-35BF-479E-8FB2-159B7A34E53E}.Release|x86.Build.0 = Release|Any CPU
		{3597CADB-4A55-474F-AC2C-833911C7FF76}.Debug|Any CPU.ActiveCfg = Debug|Any CPU
		{3597CADB-4A55-474F-AC2C-833911C7FF76}.Debug|Any CPU.Build.0 = Debug|Any CPU
		{3597CADB-4A55-474F-AC2C-833911C7FF76}.Debug|x64.ActiveCfg = Debug|Any CPU
		{3597CADB-4A55-474F-AC2C-833911C7FF76}.Debug|x64.Build.0 = Debug|Any CPU
		{3597CADB-4A55-474F-AC2C-833911C7FF76}.Debug|x86.ActiveCfg = Debug|Any CPU
		{3597CADB-4A55-474F-AC2C-833911C7FF76}.Debug|x86.Build.0 = Debug|Any CPU
		{3597CADB-4A55-474F-AC2C-833911C7FF76}.Release|Any CPU.ActiveCfg = Release|Any CPU
		{3597CADB-4A55-474F-AC2C-833911C7FF76}.Release|Any CPU.Build.0 = Release|Any CPU
		{3597CADB-4A55-474F-AC2C-833911C7FF76}.Release|x64.ActiveCfg = Release|Any CPU
		{3597CADB-4A55-474F-AC2C-833911C7FF76}.Release|x64.Build.0 = Release|Any CPU
		{3597CADB-4A55-474F-AC2C-833911C7FF76}.Release|x86.ActiveCfg = Release|Any CPU
		{3597CADB-4A55-474F-AC2C-833911C7FF76}.Release|x86.Build.0 = Release|Any CPU
		{250E13AD-52C0-4947-B144-AE3C1F4B2991}.Debug|Any CPU.ActiveCfg = Debug|Any CPU
		{250E13AD-52C0-4947-B144-AE3C1F4B2991}.Debug|Any CPU.Build.0 = Debug|Any CPU
		{250E13AD-52C0-4947-B144-AE3C1F4B2991}.Debug|x64.ActiveCfg = Debug|Any CPU
		{250E13AD-52C0-4947-B144-AE3C1F4B2991}.Debug|x64.Build.0 = Debug|Any CPU
		{250E13AD-52C0-4947-B144-AE3C1F4B2991}.Debug|x86.ActiveCfg = Debug|Any CPU
		{250E13AD-52C0-4947-B144-AE3C1F4B2991}.Debug|x86.Build.0 = Debug|Any CPU
		{250E13AD-52C0-4947-B144-AE3C1F4B2991}.Release|Any CPU.ActiveCfg = Release|Any CPU
		{250E13AD-52C0-4947-B144-AE3C1F4B2991}.Release|Any CPU.Build.0 = Release|Any CPU
		{250E13AD-52C0-4947-B144-AE3C1F4B2991}.Release|x64.ActiveCfg = Release|Any CPU
		{250E13AD-52C0-4947-B144-AE3C1F4B2991}.Release|x64.Build.0 = Release|Any CPU
		{250E13AD-52C0-4947-B144-AE3C1F4B2991}.Release|x86.ActiveCfg = Release|Any CPU
		{250E13AD-52C0-4947-B144-AE3C1F4B2991}.Release|x86.Build.0 = Release|Any CPU
	EndGlobalSection
EndGlobal
